// !$*UTF8*$!
{
	archiveVersion = 1;
	classes = {
	};
	objectVersion = 60;
	objects = {

/* Begin PBXBuildFile section */
		80AA6F932CA4BE850011BDDC /* SwiftUI_MVVM_CApp.swift in Sources */ = {isa = PBXBuildFile; fileRef = 80AA6F922CA4BE850011BDDC /* SwiftUI_MVVM_CApp.swift */; };
		80AA6F952CA4BE850011BDDC /* ContentView.swift in Sources */ = {isa = PBXBuildFile; fileRef = 80AA6F942CA4BE850011BDDC /* ContentView.swift */; };
		80AA6F972CA4BE880011BDDC /* Assets.xcassets in Resources */ = {isa = PBXBuildFile; fileRef = 80AA6F962CA4BE880011BDDC /* Assets.xcassets */; };
		80AA6F9A2CA4BE880011BDDC /* Preview Assets.xcassets in Resources */ = {isa = PBXBuildFile; fileRef = 80AA6F992CA4BE880011BDDC /* Preview Assets.xcassets */; };
		80AA6FA42CA4BE890011BDDC /* SwiftUI_MVVM_CTests.swift in Sources */ = {isa = PBXBuildFile; fileRef = 80AA6FA32CA4BE890011BDDC /* SwiftUI_MVVM_CTests.swift */; };
		80AA6FFA2CA4C14C0011BDDC /* Alamofire in Frameworks */ = {isa = PBXBuildFile; productRef = 80AA6FF92CA4C14C0011BDDC /* Alamofire */; };
		80AA70002CA4C25D0011BDDC /* Repo.swift in Sources */ = {isa = PBXBuildFile; fileRef = 80AA6FFF2CA4C25D0011BDDC /* Repo.swift */; };
		80AA70022CA4C2830011BDDC /* User.swift in Sources */ = {isa = PBXBuildFile; fileRef = 80AA70012CA4C2830011BDDC /* User.swift */; };
		80AA70062CA4C2CF0011BDDC /* Container.swift in Sources */ = {isa = PBXBuildFile; fileRef = 80AA70052CA4C2CF0011BDDC /* Container.swift */; };
		80AA70092CA4C4390011BDDC /* GithubRouter.swift in Sources */ = {isa = PBXBuildFile; fileRef = 80AA70082CA4C4390011BDDC /* GithubRouter.swift */; };
		80AA700B2CA4C47F0011BDDC /* GithubNetworkProvider.swift in Sources */ = {isa = PBXBuildFile; fileRef = 80AA700A2CA4C47F0011BDDC /* GithubNetworkProvider.swift */; };
		80AA700E2CA4C5630011BDDC /* EmptyNavigationLink.swift in Sources */ = {isa = PBXBuildFile; fileRef = 80AA700D2CA4C5630011BDDC /* EmptyNavigationLink.swift */; };
		80AA70132CA4C8090011BDDC /* NetworkProvider.swift in Sources */ = {isa = PBXBuildFile; fileRef = 80AA70122CA4C8090011BDDC /* NetworkProvider.swift */; };
		80AA70162CA4C89E0011BDDC /* NetworkClient.swift in Sources */ = {isa = PBXBuildFile; fileRef = 80AA70152CA4C89E0011BDDC /* NetworkClient.swift */; };
		80AA70182CA4DFAE0011BDDC /* NetworkUtils.swift in Sources */ = {isa = PBXBuildFile; fileRef = 80AA70172CA4DFAE0011BDDC /* NetworkUtils.swift */; };
		80AA701A2CA4E0530011BDDC /* View+Utils.swift in Sources */ = {isa = PBXBuildFile; fileRef = 80AA70192CA4E0460011BDDC /* View+Utils.swift */; };
		80AA701C2CA4E0820011BDDC /* Binding+Utils.swift in Sources */ = {isa = PBXBuildFile; fileRef = 80AA701B2CA4E07C0011BDDC /* Binding+Utils.swift */; };
		80AA701E2CA4E0A60011BDDC /* Publisher+Utils.swift in Sources */ = {isa = PBXBuildFile; fileRef = 80AA701D2CA4E0A00011BDDC /* Publisher+Utils.swift */; };
		80AA70212CA4E1630011BDDC /* RepoListCoordinator.swift in Sources */ = {isa = PBXBuildFile; fileRef = 80AA70202CA4E15C0011BDDC /* RepoListCoordinator.swift */; };
		80AA70242CA4E28A0011BDDC /* RepoListView.swift in Sources */ = {isa = PBXBuildFile; fileRef = 80AA70232CA4E2850011BDDC /* RepoListView.swift */; };
		80AA70262CA4E2C50011BDDC /* RepoCell.swift in Sources */ = {isa = PBXBuildFile; fileRef = 80AA70252CA4E2C20011BDDC /* RepoCell.swift */; };
		80AA70282CA4E2F50011BDDC /* RepoListViewModel.swift in Sources */ = {isa = PBXBuildFile; fileRef = 80AA70272CA4E2EF0011BDDC /* RepoListViewModel.swift */; };
		80AA702B2CA4E89F0011BDDC /* RepoDetailsView.swift in Sources */ = {isa = PBXBuildFile; fileRef = 80AA702A2CA4E8950011BDDC /* RepoDetailsView.swift */; };
		80AA702D2CA4E8CA0011BDDC /* RepoDetailsViewModel.swift in Sources */ = {isa = PBXBuildFile; fileRef = 80AA702C2CA4E8C20011BDDC /* RepoDetailsViewModel.swift */; };
		80AA70302CA4E95D0011BDDC /* ProfileCoordinator.swift in Sources */ = {isa = PBXBuildFile; fileRef = 80AA702F2CA4E9580011BDDC /* ProfileCoordinator.swift */; };
		80AA70322CA4E9720011BDDC /* ProfileView.swift in Sources */ = {isa = PBXBuildFile; fileRef = 80AA70312CA4E96E0011BDDC /* ProfileView.swift */; };
		80AA70342CA4E9820011BDDC /* ProfileViewModel.swift in Sources */ = {isa = PBXBuildFile; fileRef = 80AA70332CA4E97C0011BDDC /* ProfileViewModel.swift */; };
/* End PBXBuildFile section */

/* Begin PBXContainerItemProxy section */
		80AA6FA02CA4BE890011BDDC /* PBXContainerItemProxy */ = {
			isa = PBXContainerItemProxy;
			containerPortal = 80AA6F872CA4BE850011BDDC /* Project object */;
			proxyType = 1;
			remoteGlobalIDString = 80AA6F8E2CA4BE850011BDDC;
			remoteInfo = "SwiftUI-MVVM-C";
		};
		80AA6FAA2CA4BE890011BDDC /* PBXContainerItemProxy */ = {
			isa = PBXContainerItemProxy;
			containerPortal = 80AA6F872CA4BE850011BDDC /* Project object */;
			proxyType = 1;
			remoteGlobalIDString = 80AA6F8E2CA4BE850011BDDC;
			remoteInfo = "SwiftUI-MVVM-C";
		};
/* End PBXContainerItemProxy section */

/* Begin PBXFileReference section */
		80AA6F8F2CA4BE850011BDDC /* SwiftUI-MVVM-C.app */ = {isa = PBXFileReference; explicitFileType = wrapper.application; includeInIndex = 0; path = "SwiftUI-MVVM-C.app"; sourceTree = BUILT_PRODUCTS_DIR; };
		80AA6F922CA4BE850011BDDC /* SwiftUI_MVVM_CApp.swift */ = {isa = PBXFileReference; lastKnownFileType = sourcecode.swift; path = SwiftUI_MVVM_CApp.swift; sourceTree = "<group>"; };
		80AA6F942CA4BE850011BDDC /* ContentView.swift */ = {isa = PBXFileReference; lastKnownFileType = sourcecode.swift; path = ContentView.swift; sourceTree = "<group>"; };
		80AA6F962CA4BE880011BDDC /* Assets.xcassets */ = {isa = PBXFileReference; lastKnownFileType = folder.assetcatalog; path = Assets.xcassets; sourceTree = "<group>"; };
		80AA6F992CA4BE880011BDDC /* Preview Assets.xcassets */ = {isa = PBXFileReference; lastKnownFileType = folder.assetcatalog; path = "Preview Assets.xcassets"; sourceTree = "<group>"; };
		80AA6F9F2CA4BE890011BDDC /* SwiftUI-MVVM-CTests.xctest */ = {isa = PBXFileReference; explicitFileType = wrapper.cfbundle; includeInIndex = 0; path = "SwiftUI-MVVM-CTests.xctest"; sourceTree = BUILT_PRODUCTS_DIR; };
		80AA6FA32CA4BE890011BDDC /* SwiftUI_MVVM_CTests.swift */ = {isa = PBXFileReference; lastKnownFileType = sourcecode.swift; path = SwiftUI_MVVM_CTests.swift; sourceTree = "<group>"; };
		80AA6FA92CA4BE890011BDDC /* SwiftUI-MVVM-CUITests.xctest */ = {isa = PBXFileReference; explicitFileType = wrapper.cfbundle; includeInIndex = 0; path = "SwiftUI-MVVM-CUITests.xctest"; sourceTree = BUILT_PRODUCTS_DIR; };
		80AA6FFF2CA4C25D0011BDDC /* Repo.swift */ = {isa = PBXFileReference; lastKnownFileType = sourcecode.swift; path = Repo.swift; sourceTree = "<group>"; };
		80AA70012CA4C2830011BDDC /* User.swift */ = {isa = PBXFileReference; lastKnownFileType = sourcecode.swift; path = User.swift; sourceTree = "<group>"; };
		80AA70052CA4C2CF0011BDDC /* Container.swift */ = {isa = PBXFileReference; lastKnownFileType = sourcecode.swift; path = Container.swift; sourceTree = "<group>"; };
		80AA70082CA4C4390011BDDC /* GithubRouter.swift */ = {isa = PBXFileReference; lastKnownFileType = sourcecode.swift; path = GithubRouter.swift; sourceTree = "<group>"; };
		80AA700A2CA4C47F0011BDDC /* GithubNetworkProvider.swift */ = {isa = PBXFileReference; lastKnownFileType = sourcecode.swift; path = GithubNetworkProvider.swift; sourceTree = "<group>"; };
		80AA700D2CA4C5630011BDDC /* EmptyNavigationLink.swift */ = {isa = PBXFileReference; lastKnownFileType = sourcecode.swift; path = EmptyNavigationLink.swift; sourceTree = "<group>"; };
		80AA70122CA4C8090011BDDC /* NetworkProvider.swift */ = {isa = PBXFileReference; lastKnownFileType = sourcecode.swift; path = NetworkProvider.swift; sourceTree = "<group>"; };
		80AA70152CA4C89E0011BDDC /* NetworkClient.swift */ = {isa = PBXFileReference; lastKnownFileType = sourcecode.swift; path = NetworkClient.swift; sourceTree = "<group>"; };
		80AA70172CA4DFAE0011BDDC /* NetworkUtils.swift */ = {isa = PBXFileReference; lastKnownFileType = sourcecode.swift; path = NetworkUtils.swift; sourceTree = "<group>"; };
		80AA70192CA4E0460011BDDC /* View+Utils.swift */ = {isa = PBXFileReference; lastKnownFileType = sourcecode.swift; path = "View+Utils.swift"; sourceTree = "<group>"; };
		80AA701B2CA4E07C0011BDDC /* Binding+Utils.swift */ = {isa = PBXFileReference; lastKnownFileType = sourcecode.swift; path = "Binding+Utils.swift"; sourceTree = "<group>"; };
		80AA701D2CA4E0A00011BDDC /* Publisher+Utils.swift */ = {isa = PBXFileReference; lastKnownFileType = sourcecode.swift; path = "Publisher+Utils.swift"; sourceTree = "<group>"; };
		80AA70202CA4E15C0011BDDC /* RepoListCoordinator.swift */ = {isa = PBXFileReference; lastKnownFileType = sourcecode.swift; path = RepoListCoordinator.swift; sourceTree = "<group>"; };
		80AA70232CA4E2850011BDDC /* RepoListView.swift */ = {isa = PBXFileReference; lastKnownFileType = sourcecode.swift; path = RepoListView.swift; sourceTree = "<group>"; };
		80AA70252CA4E2C20011BDDC /* RepoCell.swift */ = {isa = PBXFileReference; lastKnownFileType = sourcecode.swift; path = RepoCell.swift; sourceTree = "<group>"; };
		80AA70272CA4E2EF0011BDDC /* RepoListViewModel.swift */ = {isa = PBXFileReference; lastKnownFileType = sourcecode.swift; path = RepoListViewModel.swift; sourceTree = "<group>"; };
		80AA702A2CA4E8950011BDDC /* RepoDetailsView.swift */ = {isa = PBXFileReference; lastKnownFileType = sourcecode.swift; path = RepoDetailsView.swift; sourceTree = "<group>"; };
		80AA702C2CA4E8C20011BDDC /* RepoDetailsViewModel.swift */ = {isa = PBXFileReference; lastKnownFileType = sourcecode.swift; path = RepoDetailsViewModel.swift; sourceTree = "<group>"; };
		80AA702F2CA4E9580011BDDC /* ProfileCoordinator.swift */ = {isa = PBXFileReference; lastKnownFileType = sourcecode.swift; path = ProfileCoordinator.swift; sourceTree = "<group>"; };
		80AA70312CA4E96E0011BDDC /* ProfileView.swift */ = {isa = PBXFileReference; lastKnownFileType = sourcecode.swift; path = ProfileView.swift; sourceTree = "<group>"; };
		80AA70332CA4E97C0011BDDC /* ProfileViewModel.swift */ = {isa = PBXFileReference; lastKnownFileType = sourcecode.swift; path = ProfileViewModel.swift; sourceTree = "<group>"; };
/* End PBXFileReference section */

/* Begin PBXFrameworksBuildPhase section */
		80AA6F8C2CA4BE850011BDDC /* Frameworks */ = {
			isa = PBXFrameworksBuildPhase;
			buildActionMask = 2147483647;
			files = (
				80AA6FFA2CA4C14C0011BDDC /* Alamofire in Frameworks */,
			);
			runOnlyForDeploymentPostprocessing = 0;
		};
		80AA6F9C2CA4BE890011BDDC /* Frameworks */ = {
			isa = PBXFrameworksBuildPhase;
			buildActionMask = 2147483647;
			files = (
			);
			runOnlyForDeploymentPostprocessing = 0;
		};
		80AA6FA62CA4BE890011BDDC /* Frameworks */ = {
			isa = PBXFrameworksBuildPhase;
			buildActionMask = 2147483647;
			files = (
			);
			runOnlyForDeploymentPostprocessing = 0;
		};
/* End PBXFrameworksBuildPhase section */

/* Begin PBXGroup section */
		80AA6F862CA4BE850011BDDC = {
			isa = PBXGroup;
			children = (
				80AA6F912CA4BE850011BDDC /* SwiftUI-MVVM-C */,
				80AA6FA22CA4BE890011BDDC /* SwiftUI-MVVM-CTests */,
				80AA6F902CA4BE850011BDDC /* Products */,
			);
			sourceTree = "<group>";
		};
		80AA6F902CA4BE850011BDDC /* Products */ = {
			isa = PBXGroup;
			children = (
				80AA6F8F2CA4BE850011BDDC /* SwiftUI-MVVM-C.app */,
				80AA6F9F2CA4BE890011BDDC /* SwiftUI-MVVM-CTests.xctest */,
				80AA6FA92CA4BE890011BDDC /* SwiftUI-MVVM-CUITests.xctest */,
			);
			name = Products;
			sourceTree = "<group>";
		};
		80AA6F912CA4BE850011BDDC /* SwiftUI-MVVM-C */ = {
			isa = PBXGroup;
			children = (
				80AA6FFD2CA4C1A10011BDDC /* CommonShared */,
				80AA6FFC2CA4C19C0011BDDC /* Shared */,
				80AA6FFB2CA4C1930011BDDC /* Modules */,
				80AA6F922CA4BE850011BDDC /* SwiftUI_MVVM_CApp.swift */,
				80AA6F942CA4BE850011BDDC /* ContentView.swift */,
				80AA6F962CA4BE880011BDDC /* Assets.xcassets */,
				80AA6F982CA4BE880011BDDC /* Preview Content */,
			);
			path = "SwiftUI-MVVM-C";
			sourceTree = "<group>";
		};
		80AA6F982CA4BE880011BDDC /* Preview Content */ = {
			isa = PBXGroup;
			children = (
				80AA6F992CA4BE880011BDDC /* Preview Assets.xcassets */,
			);
			path = "Preview Content";
			sourceTree = "<group>";
		};
		80AA6FA22CA4BE890011BDDC /* SwiftUI-MVVM-CTests */ = {
			isa = PBXGroup;
			children = (
				80AA6FA32CA4BE890011BDDC /* SwiftUI_MVVM_CTests.swift */,
			);
			path = "SwiftUI-MVVM-CTests";
			sourceTree = "<group>";
		};
		80AA6FFB2CA4C1930011BDDC /* Modules */ = {
			isa = PBXGroup;
			children = (
				80AA702E2CA4E94F0011BDDC /* Profile */,
				80AA701F2CA4E14B0011BDDC /* RepoList */,
			);
			path = Modules;
			sourceTree = "<group>";
		};
		80AA6FFC2CA4C19C0011BDDC /* Shared */ = {
			isa = PBXGroup;
			children = (
				80AA70072CA4C3980011BDDC /* Networking */,
				80AA6FFE2CA4C24C0011BDDC /* Models */,
			);
			path = Shared;
			sourceTree = "<group>";
		};
		80AA6FFD2CA4C1A10011BDDC /* CommonShared */ = {
			isa = PBXGroup;
			children = (
				80AA70102CA4C7E50011BDDC /* Networking */,
				80AA700F2CA4C7DF0011BDDC /* Extensions */,
				80AA700C2CA4C54D0011BDDC /* Views */,
				80AA70032CA4C2B70011BDDC /* Utils */,
			);
			path = CommonShared;
			sourceTree = "<group>";
		};
		80AA6FFE2CA4C24C0011BDDC /* Models */ = {
			isa = PBXGroup;
			children = (
				80AA6FFF2CA4C25D0011BDDC /* Repo.swift */,
				80AA70012CA4C2830011BDDC /* User.swift */,
			);
			path = Models;
			sourceTree = "<group>";
		};
		80AA70032CA4C2B70011BDDC /* Utils */ = {
			isa = PBXGroup;
			children = (
				80AA70052CA4C2CF0011BDDC /* Container.swift */,
			);
			path = Utils;
			sourceTree = "<group>";
		};
		80AA70072CA4C3980011BDDC /* Networking */ = {
			isa = PBXGroup;
			children = (
				80AA70082CA4C4390011BDDC /* GithubRouter.swift */,
				80AA700A2CA4C47F0011BDDC /* GithubNetworkProvider.swift */,
			);
			path = Networking;
			sourceTree = "<group>";
		};
		80AA700C2CA4C54D0011BDDC /* Views */ = {
			isa = PBXGroup;
			children = (
				80AA700D2CA4C5630011BDDC /* EmptyNavigationLink.swift */,
			);
			path = Views;
			sourceTree = "<group>";
		};
		80AA700F2CA4C7DF0011BDDC /* Extensions */ = {
			isa = PBXGroup;
			children = (
				80AA701D2CA4E0A00011BDDC /* Publisher+Utils.swift */,
				80AA701B2CA4E07C0011BDDC /* Binding+Utils.swift */,
				80AA70192CA4E0460011BDDC /* View+Utils.swift */,
			);
			path = Extensions;
			sourceTree = "<group>";
		};
		80AA70102CA4C7E50011BDDC /* Networking */ = {
			isa = PBXGroup;
			children = (
				80AA70112CA4C7F30011BDDC /* NetworkProvider */,
			);
			path = Networking;
			sourceTree = "<group>";
		};
		80AA70112CA4C7F30011BDDC /* NetworkProvider */ = {
			isa = PBXGroup;
			children = (
				80AA70122CA4C8090011BDDC /* NetworkProvider.swift */,
				80AA70152CA4C89E0011BDDC /* NetworkClient.swift */,
				80AA70172CA4DFAE0011BDDC /* NetworkUtils.swift */,
			);
			path = NetworkProvider;
			sourceTree = "<group>";
		};
		80AA701F2CA4E14B0011BDDC /* RepoList */ = {
			isa = PBXGroup;
			children = (
				80AA70292CA4E8800011BDDC /* Details */,
				80AA70222CA4E27C0011BDDC /* List */,
				80AA70202CA4E15C0011BDDC /* RepoListCoordinator.swift */,
			);
			path = RepoList;
			sourceTree = "<group>";
		};
		80AA70222CA4E27C0011BDDC /* List */ = {
			isa = PBXGroup;
			children = (
				80AA70272CA4E2EF0011BDDC /* RepoListViewModel.swift */,
				80AA70252CA4E2C20011BDDC /* RepoCell.swift */,
				80AA70232CA4E2850011BDDC /* RepoListView.swift */,
			);
			path = List;
			sourceTree = "<group>";
		};
		80AA70292CA4E8800011BDDC /* Details */ = {
			isa = PBXGroup;
			children = (
				80AA702C2CA4E8C20011BDDC /* RepoDetailsViewModel.swift */,
				80AA702A2CA4E8950011BDDC /* RepoDetailsView.swift */,
			);
			path = Details;
			sourceTree = "<group>";
		};
		80AA702E2CA4E94F0011BDDC /* Profile */ = {
			isa = PBXGroup;
			children = (
				80AA70332CA4E97C0011BDDC /* ProfileViewModel.swift */,
				80AA70312CA4E96E0011BDDC /* ProfileView.swift */,
				80AA702F2CA4E9580011BDDC /* ProfileCoordinator.swift */,
			);
			path = Profile;
			sourceTree = "<group>";
		};
/* End PBXGroup section */

/* Begin PBXNativeTarget section */
		80AA6F8E2CA4BE850011BDDC /* SwiftUI-MVVM-C */ = {
			isa = PBXNativeTarget;
			buildConfigurationList = 80AA6FB32CA4BE890011BDDC /* Build configuration list for PBXNativeTarget "SwiftUI-MVVM-C" */;
			buildPhases = (
				80AA6F8B2CA4BE850011BDDC /* Sources */,
				80AA6F8C2CA4BE850011BDDC /* Frameworks */,
				80AA6F8D2CA4BE850011BDDC /* Resources */,
			);
			buildRules = (
			);
			dependencies = (
			);
			name = "SwiftUI-MVVM-C";
			packageProductDependencies = (
				80AA6FF92CA4C14C0011BDDC /* Alamofire */,
			);
			productName = "SwiftUI-MVVM-C";
			productReference = 80AA6F8F2CA4BE850011BDDC /* SwiftUI-MVVM-C.app */;
			productType = "com.apple.product-type.application";
		};
		80AA6F9E2CA4BE890011BDDC /* SwiftUI-MVVM-CTests */ = {
			isa = PBXNativeTarget;
			buildConfigurationList = 80AA6FB62CA4BE890011BDDC /* Build configuration list for PBXNativeTarget "SwiftUI-MVVM-CTests" */;
			buildPhases = (
				80AA6F9B2CA4BE890011BDDC /* Sources */,
				80AA6F9C2CA4BE890011BDDC /* Frameworks */,
				80AA6F9D2CA4BE890011BDDC /* Resources */,
			);
			buildRules = (
			);
			dependencies = (
				80AA6FA12CA4BE890011BDDC /* PBXTargetDependency */,
			);
			name = "SwiftUI-MVVM-CTests";
			productName = "SwiftUI-MVVM-CTests";
			productReference = 80AA6F9F2CA4BE890011BDDC /* SwiftUI-MVVM-CTests.xctest */;
			productType = "com.apple.product-type.bundle.unit-test";
		};
		80AA6FA82CA4BE890011BDDC /* SwiftUI-MVVM-CUITests */ = {
			isa = PBXNativeTarget;
			buildConfigurationList = 80AA6FB92CA4BE890011BDDC /* Build configuration list for PBXNativeTarget "SwiftUI-MVVM-CUITests" */;
			buildPhases = (
				80AA6FA52CA4BE890011BDDC /* Sources */,
				80AA6FA62CA4BE890011BDDC /* Frameworks */,
				80AA6FA72CA4BE890011BDDC /* Resources */,
			);
			buildRules = (
			);
			dependencies = (
				80AA6FAB2CA4BE890011BDDC /* PBXTargetDependency */,
			);
			name = "SwiftUI-MVVM-CUITests";
			productName = "SwiftUI-MVVM-CUITests";
			productReference = 80AA6FA92CA4BE890011BDDC /* SwiftUI-MVVM-CUITests.xctest */;
			productType = "com.apple.product-type.bundle.ui-testing";
		};
/* End PBXNativeTarget section */

/* Begin PBXProject section */
		80AA6F872CA4BE850011BDDC /* Project object */ = {
			isa = PBXProject;
			attributes = {
				BuildIndependentTargetsInParallel = 1;
				LastSwiftUpdateCheck = 1600;
				LastUpgradeCheck = 1600;
				TargetAttributes = {
					80AA6F8E2CA4BE850011BDDC = {
						CreatedOnToolsVersion = 16.0;
					};
					80AA6F9E2CA4BE890011BDDC = {
						CreatedOnToolsVersion = 16.0;
						TestTargetID = 80AA6F8E2CA4BE850011BDDC;
					};
					80AA6FA82CA4BE890011BDDC = {
						CreatedOnToolsVersion = 16.0;
						TestTargetID = 80AA6F8E2CA4BE850011BDDC;
					};
				};
			};
			buildConfigurationList = 80AA6F8A2CA4BE850011BDDC /* Build configuration list for PBXProject "SwiftUI-MVVM-C" */;
			compatibilityVersion = "Xcode 15.0";
			developmentRegion = en;
			hasScannedForEncodings = 0;
			knownRegions = (
				en,
				Base,
			);
			mainGroup = 80AA6F862CA4BE850011BDDC;
			packageReferences = (
				80AA6FF82CA4C14C0011BDDC /* XCRemoteSwiftPackageReference "Alamofire" */,
			);
			productRefGroup = 80AA6F902CA4BE850011BDDC /* Products */;
			projectDirPath = "";
			projectRoot = "";
			targets = (
				80AA6F8E2CA4BE850011BDDC /* SwiftUI-MVVM-C */,
				80AA6F9E2CA4BE890011BDDC /* SwiftUI-MVVM-CTests */,
				80AA6FA82CA4BE890011BDDC /* SwiftUI-MVVM-CUITests */,
			);
		};
/* End PBXProject section */

/* Begin PBXResourcesBuildPhase section */
		80AA6F8D2CA4BE850011BDDC /* Resources */ = {
			isa = PBXResourcesBuildPhase;
			buildActionMask = 2147483647;
			files = (
				80AA6F9A2CA4BE880011BDDC /* Preview Assets.xcassets in Resources */,
				80AA6F972CA4BE880011BDDC /* Assets.xcassets in Resources */,
			);
			runOnlyForDeploymentPostprocessing = 0;
		};
		80AA6F9D2CA4BE890011BDDC /* Resources */ = {
			isa = PBXResourcesBuildPhase;
			buildActionMask = 2147483647;
			files = (
			);
			runOnlyForDeploymentPostprocessing = 0;
		};
		80AA6FA72CA4BE890011BDDC /* Resources */ = {
			isa = PBXResourcesBuildPhase;
			buildActionMask = 2147483647;
			files = (
			);
			runOnlyForDeploymentPostprocessing = 0;
		};
/* End PBXResourcesBuildPhase section */

/* Begin PBXSourcesBuildPhase section */
		80AA6F8B2CA4BE850011BDDC /* Sources */ = {
			isa = PBXSourcesBuildPhase;
			buildActionMask = 2147483647;
			files = (
				80AA70022CA4C2830011BDDC /* User.swift in Sources */,
				80AA70302CA4E95D0011BDDC /* ProfileCoordinator.swift in Sources */,
				80AA70162CA4C89E0011BDDC /* NetworkClient.swift in Sources */,
				80AA70212CA4E1630011BDDC /* RepoListCoordinator.swift in Sources */,
				80AA700E2CA4C5630011BDDC /* EmptyNavigationLink.swift in Sources */,
				80AA70132CA4C8090011BDDC /* NetworkProvider.swift in Sources */,
				80AA701E2CA4E0A60011BDDC /* Publisher+Utils.swift in Sources */,
				80AA70092CA4C4390011BDDC /* GithubRouter.swift in Sources */,
				80AA70262CA4E2C50011BDDC /* RepoCell.swift in Sources */,
				80AA70282CA4E2F50011BDDC /* RepoListViewModel.swift in Sources */,
				80AA70002CA4C25D0011BDDC /* Repo.swift in Sources */,
				80AA70182CA4DFAE0011BDDC /* NetworkUtils.swift in Sources */,
				80AA702B2CA4E89F0011BDDC /* RepoDetailsView.swift in Sources */,
				80AA70062CA4C2CF0011BDDC /* Container.swift in Sources */,
				80AA702D2CA4E8CA0011BDDC /* RepoDetailsViewModel.swift in Sources */,
				80AA70342CA4E9820011BDDC /* ProfileViewModel.swift in Sources */,
				80AA70242CA4E28A0011BDDC /* RepoListView.swift in Sources */,
				80AA701C2CA4E0820011BDDC /* Binding+Utils.swift in Sources */,
				80AA6F952CA4BE850011BDDC /* ContentView.swift in Sources */,
				80AA6F932CA4BE850011BDDC /* SwiftUI_MVVM_CApp.swift in Sources */,
				80AA701A2CA4E0530011BDDC /* View+Utils.swift in Sources */,
				80AA70322CA4E9720011BDDC /* ProfileView.swift in Sources */,
				80AA700B2CA4C47F0011BDDC /* GithubNetworkProvider.swift in Sources */,
			);
			runOnlyForDeploymentPostprocessing = 0;
		};
		80AA6F9B2CA4BE890011BDDC /* Sources */ = {
			isa = PBXSourcesBuildPhase;
			buildActionMask = 2147483647;
			files = (
				80AA6FA42CA4BE890011BDDC /* SwiftUI_MVVM_CTests.swift in Sources */,
			);
			runOnlyForDeploymentPostprocessing = 0;
		};
		80AA6FA52CA4BE890011BDDC /* Sources */ = {
			isa = PBXSourcesBuildPhase;
			buildActionMask = 2147483647;
			files = (
			);
			runOnlyForDeploymentPostprocessing = 0;
		};
/* End PBXSourcesBuildPhase section */

/* Begin PBXTargetDependency section */
		80AA6FA12CA4BE890011BDDC /* PBXTargetDependency */ = {
			isa = PBXTargetDependency;
			target = 80AA6F8E2CA4BE850011BDDC /* SwiftUI-MVVM-C */;
			targetProxy = 80AA6FA02CA4BE890011BDDC /* PBXContainerItemProxy */;
		};
		80AA6FAB2CA4BE890011BDDC /* PBXTargetDependency */ = {
			isa = PBXTargetDependency;
			target = 80AA6F8E2CA4BE850011BDDC /* SwiftUI-MVVM-C */;
			targetProxy = 80AA6FAA2CA4BE890011BDDC /* PBXContainerItemProxy */;
		};
/* End PBXTargetDependency section */

/* Begin XCBuildConfiguration section */
		80AA6FB12CA4BE890011BDDC /* Debug */ = {
			isa = XCBuildConfiguration;
			buildSettings = {
				ALWAYS_SEARCH_USER_PATHS = NO;
				ASSETCATALOG_COMPILER_GENERATE_SWIFT_ASSET_SYMBOL_EXTENSIONS = YES;
				CLANG_ANALYZER_NONNULL = YES;
				CLANG_ANALYZER_NUMBER_OBJECT_CONVERSION = YES_AGGRESSIVE;
				CLANG_CXX_LANGUAGE_STANDARD = "gnu++20";
				CLANG_ENABLE_MODULES = YES;
				CLANG_ENABLE_OBJC_ARC = YES;
				CLANG_ENABLE_OBJC_WEAK = YES;
				CLANG_WARN_BLOCK_CAPTURE_AUTORELEASING = YES;
				CLANG_WARN_BOOL_CONVERSION = YES;
				CLANG_WARN_COMMA = YES;
				CLANG_WARN_CONSTANT_CONVERSION = YES;
				CLANG_WARN_DEPRECATED_OBJC_IMPLEMENTATIONS = YES;
				CLANG_WARN_DIRECT_OBJC_ISA_USAGE = YES_ERROR;
				CLANG_WARN_DOCUMENTATION_COMMENTS = YES;
				CLANG_WARN_EMPTY_BODY = YES;
				CLANG_WARN_ENUM_CONVERSION = YES;
				CLANG_WARN_INFINITE_RECURSION = YES;
				CLANG_WARN_INT_CONVERSION = YES;
				CLANG_WARN_NON_LITERAL_NULL_CONVERSION = YES;
				CLANG_WARN_OBJC_IMPLICIT_RETAIN_SELF = YES;
				CLANG_WARN_OBJC_LITERAL_CONVERSION = YES;
				CLANG_WARN_OBJC_ROOT_CLASS = YES_ERROR;
				CLANG_WARN_QUOTED_INCLUDE_IN_FRAMEWORK_HEADER = YES;
				CLANG_WARN_RANGE_LOOP_ANALYSIS = YES;
				CLANG_WARN_STRICT_PROTOTYPES = YES;
				CLANG_WARN_SUSPICIOUS_MOVE = YES;
				CLANG_WARN_UNGUARDED_AVAILABILITY = YES_AGGRESSIVE;
				CLANG_WARN_UNREACHABLE_CODE = YES;
				CLANG_WARN__DUPLICATE_METHOD_MATCH = YES;
				COPY_PHASE_STRIP = NO;
				DEBUG_INFORMATION_FORMAT = dwarf;
				ENABLE_STRICT_OBJC_MSGSEND = YES;
				ENABLE_TESTABILITY = YES;
				ENABLE_USER_SCRIPT_SANDBOXING = YES;
				GCC_C_LANGUAGE_STANDARD = gnu17;
				GCC_DYNAMIC_NO_PIC = NO;
				GCC_NO_COMMON_BLOCKS = YES;
				GCC_OPTIMIZATION_LEVEL = 0;
				GCC_PREPROCESSOR_DEFINITIONS = (
					"DEBUG=1",
					"$(inherited)",
				);
				GCC_WARN_64_TO_32_BIT_CONVERSION = YES;
				GCC_WARN_ABOUT_RETURN_TYPE = YES_ERROR;
				GCC_WARN_UNDECLARED_SELECTOR = YES;
				GCC_WARN_UNINITIALIZED_AUTOS = YES_AGGRESSIVE;
				GCC_WARN_UNUSED_FUNCTION = YES;
				GCC_WARN_UNUSED_VARIABLE = YES;
				IPHONEOS_DEPLOYMENT_TARGET = 18.0;
				LOCALIZATION_PREFERS_STRING_CATALOGS = YES;
				MTL_ENABLE_DEBUG_INFO = INCLUDE_SOURCE;
				MTL_FAST_MATH = YES;
				ONLY_ACTIVE_ARCH = YES;
				SDKROOT = iphoneos;
				SWIFT_ACTIVE_COMPILATION_CONDITIONS = "DEBUG $(inherited)";
				SWIFT_OPTIMIZATION_LEVEL = "-Onone";
			};
			name = Debug;
		};
		80AA6FB22CA4BE890011BDDC /* Release */ = {
			isa = XCBuildConfiguration;
			buildSettings = {
				ALWAYS_SEARCH_USER_PATHS = NO;
				ASSETCATALOG_COMPILER_GENERATE_SWIFT_ASSET_SYMBOL_EXTENSIONS = YES;
				CLANG_ANALYZER_NONNULL = YES;
				CLANG_ANALYZER_NUMBER_OBJECT_CONVERSION = YES_AGGRESSIVE;
				CLANG_CXX_LANGUAGE_STANDARD = "gnu++20";
				CLANG_ENABLE_MODULES = YES;
				CLANG_ENABLE_OBJC_ARC = YES;
				CLANG_ENABLE_OBJC_WEAK = YES;
				CLANG_WARN_BLOCK_CAPTURE_AUTORELEASING = YES;
				CLANG_WARN_BOOL_CONVERSION = YES;
				CLANG_WARN_COMMA = YES;
				CLANG_WARN_CONSTANT_CONVERSION = YES;
				CLANG_WARN_DEPRECATED_OBJC_IMPLEMENTATIONS = YES;
				CLANG_WARN_DIRECT_OBJC_ISA_USAGE = YES_ERROR;
				CLANG_WARN_DOCUMENTATION_COMMENTS = YES;
				CLANG_WARN_EMPTY_BODY = YES;
				CLANG_WARN_ENUM_CONVERSION = YES;
				CLANG_WARN_INFINITE_RECURSION = YES;
				CLANG_WARN_INT_CONVERSION = YES;
				CLANG_WARN_NON_LITERAL_NULL_CONVERSION = YES;
				CLANG_WARN_OBJC_IMPLICIT_RETAIN_SELF = YES;
				CLANG_WARN_OBJC_LITERAL_CONVERSION = YES;
				CLANG_WARN_OBJC_ROOT_CLASS = YES_ERROR;
				CLANG_WARN_QUOTED_INCLUDE_IN_FRAMEWORK_HEADER = YES;
				CLANG_WARN_RANGE_LOOP_ANALYSIS = YES;
				CLANG_WARN_STRICT_PROTOTYPES = YES;
				CLANG_WARN_SUSPICIOUS_MOVE = YES;
				CLANG_WARN_UNGUARDED_AVAILABILITY = YES_AGGRESSIVE;
				CLANG_WARN_UNREACHABLE_CODE = YES;
				CLANG_WARN__DUPLICATE_METHOD_MATCH = YES;
				COPY_PHASE_STRIP = NO;
				DEBUG_INFORMATION_FORMAT = "dwarf-with-dsym";
				ENABLE_NS_ASSERTIONS = NO;
				ENABLE_STRICT_OBJC_MSGSEND = YES;
				ENABLE_USER_SCRIPT_SANDBOXING = YES;
				GCC_C_LANGUAGE_STANDARD = gnu17;
				GCC_NO_COMMON_BLOCKS = YES;
				GCC_WARN_64_TO_32_BIT_CONVERSION = YES;
				GCC_WARN_ABOUT_RETURN_TYPE = YES_ERROR;
				GCC_WARN_UNDECLARED_SELECTOR = YES;
				GCC_WARN_UNINITIALIZED_AUTOS = YES_AGGRESSIVE;
				GCC_WARN_UNUSED_FUNCTION = YES;
				GCC_WARN_UNUSED_VARIABLE = YES;
				IPHONEOS_DEPLOYMENT_TARGET = 18.0;
				LOCALIZATION_PREFERS_STRING_CATALOGS = YES;
				MTL_ENABLE_DEBUG_INFO = NO;
				MTL_FAST_MATH = YES;
				SDKROOT = iphoneos;
				SWIFT_COMPILATION_MODE = wholemodule;
				VALIDATE_PRODUCT = YES;
			};
			name = Release;
		};
		80AA6FB42CA4BE890011BDDC /* Debug */ = {
			isa = XCBuildConfiguration;
			buildSettings = {
				ASSETCATALOG_COMPILER_APPICON_NAME = AppIcon;
				ASSETCATALOG_COMPILER_GLOBAL_ACCENT_COLOR_NAME = AccentColor;
				CODE_SIGN_STYLE = Automatic;
				CURRENT_PROJECT_VERSION = 1;
				DEVELOPMENT_ASSET_PATHS = "\"SwiftUI-MVVM-C/Preview Content\"";
				DEVELOPMENT_TEAM = V56Q8WN2MT;
				ENABLE_PREVIEWS = YES;
				GENERATE_INFOPLIST_FILE = YES;
				INFOPLIST_KEY_UIApplicationSceneManifest_Generation = YES;
				INFOPLIST_KEY_UIApplicationSupportsIndirectInputEvents = YES;
				INFOPLIST_KEY_UILaunchScreen_Generation = YES;
				INFOPLIST_KEY_UISupportedInterfaceOrientations_iPad = "UIInterfaceOrientationPortrait UIInterfaceOrientationPortraitUpsideDown UIInterfaceOrientationLandscapeLeft UIInterfaceOrientationLandscapeRight";
				INFOPLIST_KEY_UISupportedInterfaceOrientations_iPhone = "UIInterfaceOrientationPortrait UIInterfaceOrientationLandscapeLeft UIInterfaceOrientationLandscapeRight";
				LD_RUNPATH_SEARCH_PATHS = (
					"$(inherited)",
					"@executable_path/Frameworks",
				);
				MARKETING_VERSION = 1.0;
				PRODUCT_BUNDLE_IDENTIFIER = "giggio.SwiftUI-MVVM-C";
				PRODUCT_NAME = "$(TARGET_NAME)";
				SWIFT_EMIT_LOC_STRINGS = YES;
				SWIFT_VERSION = 5.0;
				TARGETED_DEVICE_FAMILY = "1,2";
			};
			name = Debug;
		};
		80AA6FB52CA4BE890011BDDC /* Release */ = {
			isa = XCBuildConfiguration;
			buildSettings = {
				ASSETCATALOG_COMPILER_APPICON_NAME = AppIcon;
				ASSETCATALOG_COMPILER_GLOBAL_ACCENT_COLOR_NAME = AccentColor;
				CODE_SIGN_STYLE = Automatic;
				CURRENT_PROJECT_VERSION = 1;
				DEVELOPMENT_ASSET_PATHS = "\"SwiftUI-MVVM-C/Preview Content\"";
				DEVELOPMENT_TEAM = V56Q8WN2MT;
				ENABLE_PREVIEWS = YES;
				GENERATE_INFOPLIST_FILE = YES;
				INFOPLIST_KEY_UIApplicationSceneManifest_Generation = YES;
				INFOPLIST_KEY_UIApplicationSupportsIndirectInputEvents = YES;
				INFOPLIST_KEY_UILaunchScreen_Generation = YES;
				INFOPLIST_KEY_UISupportedInterfaceOrientations_iPad = "UIInterfaceOrientationPortrait UIInterfaceOrientationPortraitUpsideDown UIInterfaceOrientationLandscapeLeft UIInterfaceOrientationLandscapeRight";
				INFOPLIST_KEY_UISupportedInterfaceOrientations_iPhone = "UIInterfaceOrientationPortrait UIInterfaceOrientationLandscapeLeft UIInterfaceOrientationLandscapeRight";
				LD_RUNPATH_SEARCH_PATHS = (
					"$(inherited)",
					"@executable_path/Frameworks",
				);
				MARKETING_VERSION = 1.0;
				PRODUCT_BUNDLE_IDENTIFIER = "giggio.SwiftUI-MVVM-C";
				PRODUCT_NAME = "$(TARGET_NAME)";
				SWIFT_EMIT_LOC_STRINGS = YES;
				SWIFT_VERSION = 5.0;
				TARGETED_DEVICE_FAMILY = "1,2";
			};
			name = Release;
		};
		80AA6FB72CA4BE890011BDDC /* Debug */ = {
			isa = XCBuildConfiguration;
			buildSettings = {
				BUNDLE_LOADER = "$(TEST_HOST)";
				CODE_SIGN_STYLE = Automatic;
				CURRENT_PROJECT_VERSION = 1;
				DEVELOPMENT_TEAM = V56Q8WN2MT;
				GENERATE_INFOPLIST_FILE = YES;
				IPHONEOS_DEPLOYMENT_TARGET = 18.0;
				MARKETING_VERSION = 1.0;
				PRODUCT_BUNDLE_IDENTIFIER = "giggio.SwiftUI-MVVM-CTests";
				PRODUCT_NAME = "$(TARGET_NAME)";
				SWIFT_EMIT_LOC_STRINGS = NO;
				SWIFT_VERSION = 5.0;
				TARGETED_DEVICE_FAMILY = "1,2";
				TEST_HOST = "$(BUILT_PRODUCTS_DIR)/SwiftUI-MVVM-C.app/$(BUNDLE_EXECUTABLE_FOLDER_PATH)/SwiftUI-MVVM-C";
			};
			name = Debug;
		};
		80AA6FB82CA4BE890011BDDC /* Release */ = {
			isa = XCBuildConfiguration;
			buildSettings = {
				BUNDLE_LOADER = "$(TEST_HOST)";
				CODE_SIGN_STYLE = Automatic;
				CURRENT_PROJECT_VERSION = 1;
				DEVELOPMENT_TEAM = V56Q8WN2MT;
				GENERATE_INFOPLIST_FILE = YES;
				IPHONEOS_DEPLOYMENT_TARGET = 18.0;
				MARKETING_VERSION = 1.0;
				PRODUCT_BUNDLE_IDENTIFIER = "giggio.SwiftUI-MVVM-CTests";
				PRODUCT_NAME = "$(TARGET_NAME)";
				SWIFT_EMIT_LOC_STRINGS = NO;
				SWIFT_VERSION = 5.0;
				TARGETED_DEVICE_FAMILY = "1,2";
				TEST_HOST = "$(BUILT_PRODUCTS_DIR)/SwiftUI-MVVM-C.app/$(BUNDLE_EXECUTABLE_FOLDER_PATH)/SwiftUI-MVVM-C";
			};
			name = Release;
		};
		80AA6FBA2CA4BE890011BDDC /* Debug */ = {
			isa = XCBuildConfiguration;
			buildSettings = {
				CODE_SIGN_STYLE = Automatic;
				CURRENT_PROJECT_VERSION = 1;
				DEVELOPMENT_TEAM = V56Q8WN2MT;
				GENERATE_INFOPLIST_FILE = YES;
				MARKETING_VERSION = 1.0;
				PRODUCT_BUNDLE_IDENTIFIER = "giggio.SwiftUI-MVVM-CUITests";
				PRODUCT_NAME = "$(TARGET_NAME)";
				SWIFT_EMIT_LOC_STRINGS = NO;
				SWIFT_VERSION = 5.0;
				TARGETED_DEVICE_FAMILY = "1,2";
				TEST_TARGET_NAME = "SwiftUI-MVVM-C";
			};
			name = Debug;
		};
		80AA6FBB2CA4BE890011BDDC /* Release */ = {
			isa = XCBuildConfiguration;
			buildSettings = {
				CODE_SIGN_STYLE = Automatic;
				CURRENT_PROJECT_VERSION = 1;
				DEVELOPMENT_TEAM = V56Q8WN2MT;
				GENERATE_INFOPLIST_FILE = YES;
				MARKETING_VERSION = 1.0;
				PRODUCT_BUNDLE_IDENTIFIER = "giggio.SwiftUI-MVVM-CUITests";
				PRODUCT_NAME = "$(TARGET_NAME)";
				SWIFT_EMIT_LOC_STRINGS = NO;
				SWIFT_VERSION = 5.0;
				TARGETED_DEVICE_FAMILY = "1,2";
				TEST_TARGET_NAME = "SwiftUI-MVVM-C";
			};
			name = Release;
		};
/* End XCBuildConfiguration section */

/* Begin XCConfigurationList section */
		80AA6F8A2CA4BE850011BDDC /* Build configuration list for PBXProject "SwiftUI-MVVM-C" */ = {
			isa = XCConfigurationList;
			buildConfigurations = (
				80AA6FB12CA4BE890011BDDC /* Debug */,
				80AA6FB22CA4BE890011BDDC /* Release */,
			);
			defaultConfigurationIsVisible = 0;
			defaultConfigurationName = Release;
		};
		80AA6FB32CA4BE890011BDDC /* Build configuration list for PBXNativeTarget "SwiftUI-MVVM-C" */ = {
			isa = XCConfigurationList;
			buildConfigurations = (
				80AA6FB42CA4BE890011BDDC /* Debug */,
				80AA6FB52CA4BE890011BDDC /* Release */,
			);
			defaultConfigurationIsVisible = 0;
			defaultConfigurationName = Release;
		};
		80AA6FB62CA4BE890011BDDC /* Build configuration list for PBXNativeTarget "SwiftUI-MVVM-CTests" */ = {
			isa = XCConfigurationList;
			buildConfigurations = (
				80AA6FB72CA4BE890011BDDC /* Debug */,
				80AA6FB82CA4BE890011BDDC /* Release */,
			);
			defaultConfigurationIsVisible = 0;
			defaultConfigurationName = Release;
		};
		80AA6FB92CA4BE890011BDDC /* Build configuration list for PBXNativeTarget "SwiftUI-MVVM-CUITests" */ = {
			isa = XCConfigurationList;
			buildConfigurations = (
				80AA6FBA2CA4BE890011BDDC /* Debug */,
				80AA6FBB2CA4BE890011BDDC /* Release */,
			);
			defaultConfigurationIsVisible = 0;
			defaultConfigurationName = Release;
		};
/* End XCConfigurationList section */

/* Begin XCRemoteSwiftPackageReference section */
		80AA6FF82CA4C14C0011BDDC /* XCRemoteSwiftPackageReference "Alamofire" */ = {
			isa = XCRemoteSwiftPackageReference;
			repositoryURL = "https://github.com/Alamofire/Alamofire.git";
			requirement = {
				kind = upToNextMajorVersion;
				minimumVersion = 5.9.1;
			};
		};
/* End XCRemoteSwiftPackageReference section */

/* Begin XCSwiftPackageProductDependency section */
		80AA6FF92CA4C14C0011BDDC /* Alamofire */ = {
			isa = XCSwiftPackageProductDependency;
			package = 80AA6FF82CA4C14C0011BDDC /* XCRemoteSwiftPackageReference "Alamofire" */;
			productName = Alamofire;
		};
/* End XCSwiftPackageProductDependency section */
	};
	rootObject = 80AA6F872CA4BE850011BDDC /* Project object */;
}
